
Microsoft Visual Studio Solution File, Format Version 12.00
Project("{FAE04EC0-301F-11D3-BF4B-00C04F79EFBC}") = "CP2", "CP2\CP2.csproj", "{33707EB1-77F8-4D7C-8415-0945F76B989A}"
EndProject
Global
	GlobalSection(SolutionConfigurationPlatforms) = preSolution
		Debug|Any CPU = Debug|Any CPU
		Release|Any CPU = Release|Any CPU
	EndGlobalSection
	GlobalSection(ProjectConfigurationPlatforms) = postSolution
		{33707EB1-77F8-4D7C-8415-0945F76B989A}.Debug|Any CPU.ActiveCfg = Debug|Any CPU
		{33707EB1-77F8-4D7C-8415-0945F76B989A}.Debug|Any CPU.Build.0 = Debug|Any CPU
		{33707EB1-77F8-4D7C-8415-0945F76B989A}.Release|Any CPU.ActiveCfg = Release|Any CPU
		{33707EB1-77F8-4D7C-8415-0945F76B989A}.Release|Any CPU.Build.0 = Release|Any CPU
	EndGlobalSection
EndGlobal
